
Microsoft Visual Studio Solution File, Format Version 12.00
# Visual Studio Version 17
VisualStudioVersion = 17.3.32901.215
MinimumVisualStudioVersion = 10.0.40219.1
Project("{FAE04EC0-301F-11D3-BF4B-00C04F79EFBC}") = "MeShop", "MeShop\MeShop.csproj", "{BF56F76A-775E-4AAC-956A-90682C8E9857}"
EndProject
Global
	GlobalSection(SolutionConfigurationPlatforms) = preSolution
		Debug|Any CPU = Debug|Any CPU
		Release|Any CPU = Release|Any CPU
	EndGlobalSection
	GlobalSection(ProjectConfigurationPlatforms) = postSolution
		{BF56F76A-775E-4AAC-956A-90682C8E9857}.Debug|Any CPU.ActiveCfg = Debug|Any CPU
		{BF56F76A-775E-4AAC-956A-90682C8E9857}.Debug|Any CPU.Build.0 = Debug|Any CPU
		{BF56F76A-775E-4AAC-956A-90682C8E9857}.Release|Any CPU.ActiveCfg = Release|Any CPU
		{BF56F76A-775E-4AAC-956A-90682C8E9857}.Release|Any CPU.Build.0 = Release|Any CPU
	EndGlobalSection
	GlobalSection(SolutionProperties) = preSolution
		HideSolutionNode = FALSE
	EndGlobalSection
	GlobalSection(ExtensibilityGlobals) = postSolution
		SolutionGuid = {C84EFD27-B782-49D0-A4CC-E5CCB5D24D87}
	EndGlobalSection
EndGlobal
